
Microsoft Visual Studio Solution File, Format Version 12.00
# Visual Studio 15
VisualStudioVersion = 15.0.28307.421
MinimumVisualStudioVersion = 10.0.40219.1
Project("{2150E333-8FDC-42A3-9474-1A3956D46DE8}") = "Solution Items", "Solution Items", "{4699A313-8985-4B8E-8BDF-F34E816A6FF1}"
	ProjectSection(SolutionItems) = preProject
		.gitignore = .gitignore
		NuGet.Config = NuGet.Config
		README.md = README.md
	EndProjectSection
EndProject
Project("{9A19103F-16F7-4668-BE54-9A1E7A4F7556}") = "Services", "Services\Services.csproj", "{300C91AD-DB54-45F8-BE99-CFABFF0871E2}"
EndProject
Global
	GlobalSection(SolutionConfigurationPlatforms) = preSolution
		Debug|Any CPU = Debug|Any CPU
		Release|Any CPU = Release|Any CPU
	EndGlobalSection
	GlobalSection(ProjectConfigurationPlatforms) = postSolution
		{300C91AD-DB54-45F8-BE99-CFABFF0871E2}.Debug|Any CPU.ActiveCfg = Debug|Any CPU
		{300C91AD-DB54-45F8-BE99-CFABFF0871E2}.Debug|Any CPU.Build.0 = Debug|Any CPU
		{300C91AD-DB54-45F8-BE99-CFABFF0871E2}.Release|Any CPU.ActiveCfg = Release|Any CPU
		{300C91AD-DB54-45F8-BE99-CFABFF0871E2}.Release|Any CPU.Build.0 = Release|Any CPU
	EndGlobalSection
	GlobalSection(SolutionProperties) = preSolution
		HideSolutionNode = FALSE
	EndGlobalSection
	GlobalSection(ExtensibilityGlobals) = postSolution
		SolutionGuid = {52E83CC5-E86B-4671-A70F-445A87A262BF}
	EndGlobalSection
EndGlobal
